
Microsoft Visual Studio Solution File, Format Version 12.00
# Visual Studio 15
VisualStudioVersion = 15.0.27130.2036
MinimumVisualStudioVersion = 10.0.40219.1
Project("{FAE04EC0-301F-11D3-BF4B-00C04F79EFBC}") = "FootieData.Gateway", "FootieData.Gateway\FootieData.Gateway.csproj", "{296F4CC7-491D-47E3-8CAF-E88DD3223C6C}"
EndProject
Project("{FAE04EC0-301F-11D3-BF4B-00C04F79EFBC}") = "FootieData.Entities", "FootieData.Entities\FootieData.Entities.csproj", "{7689BD11-C3BE-43A1-983E-A66E9F22AF7C}"
EndProject
Project("{2150E333-8FDC-42A3-9474-1A3956D46DE8}") = "Solution Items", "Solution Items", "{B6071EB5-C79D-45FE-94B4-46538E606B11}"
	ProjectSection(SolutionItems) = preProject
		..\.gitattributes = ..\.gitattributes
		..\.gitignore = ..\.gitignore
		..\.travis.yml = ..\.travis.yml
		..\appveyor.yml = ..\appveyor.yml
		..\CHANGELOG.md = ..\CHANGELOG.md
		..\LICENSE.txt = ..\LICENSE.txt
		..\README.md = ..\README.md
		..\renovate.json = ..\renovate.json
		todo.txt = todo.txt
	EndProjectSection
EndProject
Project("{FAE04EC0-301F-11D3-BF4B-00C04F79EFBC}") = "FootieData.Vsix", "FootieData.Vsix\FootieData.Vsix.csproj", "{CEF49E5C-E22C-45F1-B67F-768C77E3F4CF}"
EndProject
Project("{FAE04EC0-301F-11D3-BF4B-00C04F79EFBC}") = "FootieData.Common", "FootieData.Common\FootieData.Common.csproj", "{D2A60350-D05C-4005-A3F7-F8F66527E793}"
EndProject
Project("{FAE04EC0-301F-11D3-BF4B-00C04F79EFBC}") = "FootballDataOrg", "FootballDataOrg\FootballDataOrg.csproj", "{E03D39B9-4FAD-4108-8D17-A9F9AF2D6A9E}"
EndProject
Project("{FAE04EC0-301F-11D3-BF4B-00C04F79EFBC}") = "FootieData.Common.Tests", "FootieData.Common.Tests\FootieData.Common.Tests\FootieData.Common.Tests.csproj", "{6090C2A8-A71A-4CE4-B3D0-EC2C7166C3D8}"
EndProject
Project("{FAE04EC0-301F-11D3-BF4B-00C04F79EFBC}") = "FootieData.Gateway.Tests", "FootieData.Gateway.Tests\FootieData.Gateway.Tests.csproj", "{E4891FDF-7583-4842-87E7-232C360EF0BD}"
EndProject
Project("{FAE04EC0-301F-11D3-BF4B-00C04F79EFBC}") = "FootieData.Vsix.Tests", "FootieData.Vsix.Tests\FootieData.Vsix.Tests.csproj", "{77BF7E8B-F3D5-4AA1-9C70-22679D4A26A4}"
EndProject
Project("{FAE04EC0-301F-11D3-BF4B-00C04F79EFBC}") = "FootieData.Entities.Tests", "FootieData.Entities.Tests\FootieData.Entities.Tests.csproj", "{D384E82A-D0FB-4AE3-A215-BE57A4855969}"
EndProject
Global
	GlobalSection(SolutionConfigurationPlatforms) = preSolution
		Debug|Any CPU = Debug|Any CPU
		Release|Any CPU = Release|Any CPU
	EndGlobalSection
	GlobalSection(ProjectConfigurationPlatforms) = postSolution
		{296F4CC7-491D-47E3-8CAF-E88DD3223C6C}.Debug|Any CPU.ActiveCfg = Debug|Any CPU
		{296F4CC7-491D-47E3-8CAF-E88DD3223C6C}.Debug|Any CPU.Build.0 = Debug|Any CPU
		{296F4CC7-491D-47E3-8CAF-E88DD3223C6C}.Release|Any CPU.ActiveCfg = Release|Any CPU
		{296F4CC7-491D-47E3-8CAF-E88DD3223C6C}.Release|Any CPU.Build.0 = Release|Any CPU
		{7689BD11-C3BE-43A1-983E-A66E9F22AF7C}.Debug|Any CPU.ActiveCfg = Debug|Any CPU
		{7689BD11-C3BE-43A1-983E-A66E9F22AF7C}.Debug|Any CPU.Build.0 = Debug|Any CPU
		{7689BD11-C3BE-43A1-983E-A66E9F22AF7C}.Release|Any CPU.ActiveCfg = Release|Any CPU
		{7689BD11-C3BE-43A1-983E-A66E9F22AF7C}.Release|Any CPU.Build.0 = Release|Any CPU
		{CEF49E5C-E22C-45F1-B67F-768C77E3F4CF}.Debug|Any CPU.ActiveCfg = Debug|Any CPU
		{CEF49E5C-E22C-45F1-B67F-768C77E3F4CF}.Debug|Any CPU.Build.0 = Debug|Any CPU
		{CEF49E5C-E22C-45F1-B67F-768C77E3F4CF}.Release|Any CPU.ActiveCfg = Release|Any CPU
		{CEF49E5C-E22C-45F1-B67F-768C77E3F4CF}.Release|Any CPU.Build.0 = Release|Any CPU
		{D2A60350-D05C-4005-A3F7-F8F66527E793}.Debug|Any CPU.ActiveCfg = Debug|Any CPU
		{D2A60350-D05C-4005-A3F7-F8F66527E793}.Debug|Any CPU.Build.0 = Debug|Any CPU
		{D2A60350-D05C-4005-A3F7-F8F66527E793}.Release|Any CPU.ActiveCfg = Release|Any CPU
		{D2A60350-D05C-4005-A3F7-F8F66527E793}.Release|Any CPU.Build.0 = Release|Any CPU
		{E03D39B9-4FAD-4108-8D17-A9F9AF2D6A9E}.Debug|Any CPU.ActiveCfg = Debug|Any CPU
		{E03D39B9-4FAD-4108-8D17-A9F9AF2D6A9E}.Debug|Any CPU.Build.0 = Debug|Any CPU
		{E03D39B9-4FAD-4108-8D17-A9F9AF2D6A9E}.Release|Any CPU.ActiveCfg = Release|Any CPU
		{E03D39B9-4FAD-4108-8D17-A9F9AF2D6A9E}.Release|Any CPU.Build.0 = Release|Any CPU
		{6090C2A8-A71A-4CE4-B3D0-EC2C7166C3D8}.Debug|Any CPU.ActiveCfg = Debug|Any CPU
		{6090C2A8-A71A-4CE4-B3D0-EC2C7166C3D8}.Debug|Any CPU.Build.0 = Debug|Any CPU
		{6090C2A8-A71A-4CE4-B3D0-EC2C7166C3D8}.Release|Any CPU.ActiveCfg = Release|Any CPU
		{6090C2A8-A71A-4CE4-B3D0-EC2C7166C3D8}.Release|Any CPU.Build.0 = Release|Any CPU
		{E4891FDF-7583-4842-87E7-232C360EF0BD}.Debug|Any CPU.ActiveCfg = Debug|Any CPU
		{E4891FDF-7583-4842-87E7-232C360EF0BD}.Debug|Any CPU.Build.0 = Debug|Any CPU
		{E4891FDF-7583-4842-87E7-232C360EF0BD}.Release|Any CPU.ActiveCfg = Release|Any CPU
		{E4891FDF-7583-4842-87E7-232C360EF0BD}.Release|Any CPU.Build.0 = Release|Any CPU
		{77BF7E8B-F3D5-4AA1-9C70-22679D4A26A4}.Debug|Any CPU.ActiveCfg = Debug|Any CPU
		{77BF7E8B-F3D5-4AA1-9C70-22679D4A26A4}.Debug|Any CPU.Build.0 = Debug|Any CPU
		{77BF7E8B-F3D5-4AA1-9C70-22679D4A26A4}.Release|Any CPU.ActiveCfg = Release|Any CPU
		{77BF7E8B-F3D5-4AA1-9C70-22679D4A26A4}.Release|Any CPU.Build.0 = Release|Any CPU
		{D384E82A-D0FB-4AE3-A215-BE57A4855969}.Debug|Any CPU.ActiveCfg = Debug|Any CPU
		{D384E82A-D0FB-4AE3-A215-BE57A4855969}.Debug|Any CPU.Build.0 = Debug|Any CPU
		{D384E82A-D0FB-4AE3-A215-BE57A4855969}.Release|Any CPU.ActiveCfg = Release|Any CPU
		{D384E82A-D0FB-4AE3-A215-BE57A4855969}.Release|Any CPU.Build.0 = Release|Any CPU
	EndGlobalSection
	GlobalSection(SolutionProperties) = preSolution
		HideSolutionNode = FALSE
	EndGlobalSection
	GlobalSection(ExtensibilityGlobals) = postSolution
		SolutionGuid = {699326A4-8146-419B-AAC4-67111F252206}
	EndGlobalSection
EndGlobal
